// !$*UTF8*$!
{
	archiveVersion = 1;
	classes = {
	};
	objectVersion = 46;
	objects = {

/* Begin PBXBuildFile section */
		453B892F19E1738A00D3483F /* FPMainViewController.m in Sources */ = {isa = PBXBuildFile; fileRef = 453B892E19E1738A00D3483F /* FPMainViewController.m */; };
		453B893219E1748600D3483F /* FPMapView.m in Sources */ = {isa = PBXBuildFile; fileRef = 453B893119E1748600D3483F /* FPMapView.m */; };
		453B893919E19B7D00D3483F /* FPLotTableViewCell.m in Sources */ = {isa = PBXBuildFile; fileRef = 453B893819E19B7D00D3483F /* FPLotTableViewCell.m */; };
		45438B3819CF3B700063F898 /* main.m in Sources */ = {isa = PBXBuildFile; fileRef = 45438B3719CF3B700063F898 /* main.m */; };
		45438B3B19CF3B700063F898 /* AppDelegate.m in Sources */ = {isa = PBXBuildFile; fileRef = 45438B3A19CF3B700063F898 /* AppDelegate.m */; };
		45438B3E19CF3B700063F898 /* FastPassParking.xcdatamodeld in Sources */ = {isa = PBXBuildFile; fileRef = 45438B3C19CF3B700063F898 /* FastPassParking.xcdatamodeld */; };
		45438B4119CF3B700063F898 /* ViewController.m in Sources */ = {isa = PBXBuildFile; fileRef = 45438B4019CF3B700063F898 /* ViewController.m */; };
		45438B4419CF3B700063F898 /* Main.storyboard in Resources */ = {isa = PBXBuildFile; fileRef = 45438B4219CF3B700063F898 /* Main.storyboard */; };
		45438B4619CF3B700063F898 /* Images.xcassets in Resources */ = {isa = PBXBuildFile; fileRef = 45438B4519CF3B700063F898 /* Images.xcassets */; };
		45438B4919CF3B700063F898 /* LaunchScreen.xib in Resources */ = {isa = PBXBuildFile; fileRef = 45438B4719CF3B700063F898 /* LaunchScreen.xib */; };
		45438B5519CF3B710063F898 /* FastPassParkingTests.m in Sources */ = {isa = PBXBuildFile; fileRef = 45438B5419CF3B710063F898 /* FastPassParkingTests.m */; };
		45847F3819EDC0B700F28C51 /* FPParkingLotData.m in Sources */ = {isa = PBXBuildFile; fileRef = 45847F3719EDC0B700F28C51 /* FPParkingLotData.m */; };
		4B8DB9851A06DA59000F2D78 /* VehicleHandler.m in Sources */ = {isa = PBXBuildFile; fileRef = 4B8DB9841A06DA59000F2D78 /* VehicleHandler.m */; };
		4B9234761A01B91200E9071A /* parkingPass.m in Sources */ = {isa = PBXBuildFile; fileRef = 4B9234751A01B91200E9071A /* parkingPass.m */; };
		4B9576221A01E9D4003DA5AF /* vehicle.m in Sources */ = {isa = PBXBuildFile; fileRef = 4B9576211A01E9D4003DA5AF /* vehicle.m */; };
		4B9576251A01EC57003DA5AF /* parkingPayment.m in Sources */ = {isa = PBXBuildFile; fileRef = 4B9576241A01EC57003DA5AF /* parkingPayment.m */; };
		4B9576281A01EDF0003DA5AF /* accountCredit.m in Sources */ = {isa = PBXBuildFile; fileRef = 4B9576271A01EDF0003DA5AF /* accountCredit.m */; };
		4B95762B1A01EE40003DA5AF /* parkingLot.m in Sources */ = {isa = PBXBuildFile; fileRef = 4B95762A1A01EE40003DA5AF /* parkingLot.m */; };
		4B95762E1A01F08A003DA5AF /* geoCoordinate.m in Sources */ = {isa = PBXBuildFile; fileRef = 4B95762D1A01F08A003DA5AF /* geoCoordinate.m */; };
		4B9576311A01F0F0003DA5AF /* parkingViolation.m in Sources */ = {isa = PBXBuildFile; fileRef = 4B9576301A01F0F0003DA5AF /* parkingViolation.m */; };
		4BA82F391A022C3900A57843 /* httpRequestHandler.m in Sources */ = {isa = PBXBuildFile; fileRef = 4BA82F381A022C3900A57843 /* httpRequestHandler.m */; };
		9375F34C19E1DB9000790030 /* FPLotDetailViewController.m in Sources */ = {isa = PBXBuildFile; fileRef = 9375F34B19E1DB9000790030 /* FPLotDetailViewController.m */; };
		FA1CA11419DCCECF00EC98E7 /* CreateProfile.m in Sources */ = {isa = PBXBuildFile; fileRef = FA1CA11319DCCECF00EC98E7 /* CreateProfile.m */; };
		FA1CA11619E3A97C00EC98E7 /* FPP_Logo_Transparent.png in Resources */ = {isa = PBXBuildFile; fileRef = FA1CA11519E3A97C00EC98E7 /* FPP_Logo_Transparent.png */; };
		FA1CA11819E3B20C00EC98E7 /* FPP_Logo_Letters.png in Resources */ = {isa = PBXBuildFile; fileRef = FA1CA11719E3B20C00EC98E7 /* FPP_Logo_Letters.png */; };
		FA1CA11C19EAF22900EC98E7 /* 13202-1.png in Resources */ = {isa = PBXBuildFile; fileRef = FA1CA11B19EAF22900EC98E7 /* 13202-1.png */; };
		FA1CA11F19EAF62700EC98E7 /* CreditCardInfo.m in Sources */ = {isa = PBXBuildFile; fileRef = FA1CA11E19EAF62700EC98E7 /* CreditCardInfo.m */; };
		FA1CA12219EAF7AF00EC98E7 /* camera.png in Resources */ = {isa = PBXBuildFile; fileRef = FA1CA12119EAF7AF00EC98E7 /* camera.png */; };
		FAA43E5319D37A7000335A85 /* road.png in Resources */ = {isa = PBXBuildFile; fileRef = FAA43E5219D37A7000335A85 /* road.png */; };
		FAA43E5519D37AAB00335A85 /* Transparent_FPP_Logo.png in Resources */ = {isa = PBXBuildFile; fileRef = FAA43E5419D37AAB00335A85 /* Transparent_FPP_Logo.png */; };
		FAA43E5719D37AB900335A85 /* FPP_Logo_No_Words.png in Resources */ = {isa = PBXBuildFile; fileRef = FAA43E5619D37AB900335A85 /* FPP_Logo_No_Words.png */; };
		FAA43E5919D3819000335A85 /* iPhone_6Plus.storyboard in Resources */ = {isa = PBXBuildFile; fileRef = FAA43E5819D3819000335A85 /* iPhone_6Plus.storyboard */; };
		FAA43E5D19D38A4F00335A85 /* iPhone_6.storyboard in Resources */ = {isa = PBXBuildFile; fileRef = FAA43E5C19D38A4F00335A85 /* iPhone_6.storyboard */; };
		FAA43E5F19D38A6400335A85 /* iPhone_5.storyboard in Resources */ = {isa = PBXBuildFile; fileRef = FAA43E5E19D38A6400335A85 /* iPhone_5.storyboard */; };
		FAA43E6119D38A7400335A85 /* iPhone_4s.storyboard in Resources */ = {isa = PBXBuildFile; fileRef = FAA43E6019D38A7400335A85 /* iPhone_4s.storyboard */; };
		FAC0765619FD72460024C87A /* user.m in Sources */ = {isa = PBXBuildFile; fileRef = FAC0765519FD72460024C87A /* user.m */; };
		FAC0765919FD740E0024C87A /* userHandler.m in Sources */ = {isa = PBXBuildFile; fileRef = FAC0765819FD740E0024C87A /* userHandler.m */; };
/* End PBXBuildFile section */

/* Begin PBXContainerItemProxy section */
		45438B4F19CF3B710063F898 /* PBXContainerItemProxy */ = {
			isa = PBXContainerItemProxy;
			containerPortal = 45438B2A19CF3B700063F898 /* Project object */;
			proxyType = 1;
			remoteGlobalIDString = 45438B3119CF3B700063F898;
			remoteInfo = FastPassParking;
		};
/* End PBXContainerItemProxy section */

/* Begin PBXFileReference section */
		453B892D19E1738A00D3483F /* FPMainViewController.h */ = {isa = PBXFileReference; fileEncoding = 4; lastKnownFileType = sourcecode.c.h; name = FPMainViewController.h; path = "Main Menu/FPMainViewController.h"; sourceTree = "<group>"; };
		453B892E19E1738A00D3483F /* FPMainViewController.m */ = {isa = PBXFileReference; fileEncoding = 4; lastKnownFileType = sourcecode.c.objc; name = FPMainViewController.m; path = "Main Menu/FPMainViewController.m"; sourceTree = "<group>"; };
		453B893019E1748600D3483F /* FPMapView.h */ = {isa = PBXFileReference; fileEncoding = 4; lastKnownFileType = sourcecode.c.h; name = FPMapView.h; path = "Main Menu/FPMapView.h"; sourceTree = "<group>"; };
		453B893119E1748600D3483F /* FPMapView.m */ = {isa = PBXFileReference; fileEncoding = 4; lastKnownFileType = sourcecode.c.objc; name = FPMapView.m; path = "Main Menu/FPMapView.m"; sourceTree = "<group>"; };
		453B893719E19B7D00D3483F /* FPLotTableViewCell.h */ = {isa = PBXFileReference; fileEncoding = 4; lastKnownFileType = sourcecode.c.h; name = FPLotTableViewCell.h; path = "Main Menu/FPLotTableViewCell.h"; sourceTree = "<group>"; };
		453B893819E19B7D00D3483F /* FPLotTableViewCell.m */ = {isa = PBXFileReference; fileEncoding = 4; lastKnownFileType = sourcecode.c.objc; name = FPLotTableViewCell.m; path = "Main Menu/FPLotTableViewCell.m"; sourceTree = "<group>"; };
		45438B3219CF3B700063F898 /* FastPassParking.app */ = {isa = PBXFileReference; explicitFileType = wrapper.application; includeInIndex = 0; path = FastPassParking.app; sourceTree = BUILT_PRODUCTS_DIR; };
		45438B3619CF3B700063F898 /* Info.plist */ = {isa = PBXFileReference; lastKnownFileType = text.plist.xml; path = Info.plist; sourceTree = "<group>"; };
		45438B3719CF3B700063F898 /* main.m */ = {isa = PBXFileReference; lastKnownFileType = sourcecode.c.objc; path = main.m; sourceTree = "<group>"; };
		45438B3919CF3B700063F898 /* AppDelegate.h */ = {isa = PBXFileReference; lastKnownFileType = sourcecode.c.h; path = AppDelegate.h; sourceTree = "<group>"; };
		45438B3A19CF3B700063F898 /* AppDelegate.m */ = {isa = PBXFileReference; lastKnownFileType = sourcecode.c.objc; path = AppDelegate.m; sourceTree = "<group>"; };
		45438B3D19CF3B700063F898 /* FastPassParking.xcdatamodel */ = {isa = PBXFileReference; lastKnownFileType = wrapper.xcdatamodel; path = FastPassParking.xcdatamodel; sourceTree = "<group>"; };
		45438B3F19CF3B700063F898 /* ViewController.h */ = {isa = PBXFileReference; lastKnownFileType = sourcecode.c.h; path = ViewController.h; sourceTree = "<group>"; };
		45438B4019CF3B700063F898 /* ViewController.m */ = {isa = PBXFileReference; lastKnownFileType = sourcecode.c.objc; path = ViewController.m; sourceTree = "<group>"; };
		45438B4319CF3B700063F898 /* Base */ = {isa = PBXFileReference; lastKnownFileType = file.storyboard; name = Base; path = Base.lproj/Main.storyboard; sourceTree = "<group>"; };
		45438B4519CF3B700063F898 /* Images.xcassets */ = {isa = PBXFileReference; lastKnownFileType = folder.assetcatalog; path = Images.xcassets; sourceTree = "<group>"; };
		45438B4819CF3B700063F898 /* Base */ = {isa = PBXFileReference; lastKnownFileType = file.xib; name = Base; path = Base.lproj/LaunchScreen.xib; sourceTree = "<group>"; };
		45438B4E19CF3B710063F898 /* FastPassParkingTests.xctest */ = {isa = PBXFileReference; explicitFileType = wrapper.cfbundle; includeInIndex = 0; path = FastPassParkingTests.xctest; sourceTree = BUILT_PRODUCTS_DIR; };
		45438B5319CF3B710063F898 /* Info.plist */ = {isa = PBXFileReference; lastKnownFileType = text.plist.xml; path = Info.plist; sourceTree = "<group>"; };
		45438B5419CF3B710063F898 /* FastPassParkingTests.m */ = {isa = PBXFileReference; lastKnownFileType = sourcecode.c.objc; path = FastPassParkingTests.m; sourceTree = "<group>"; };
		45847F3619EDC0B700F28C51 /* FPParkingLotData.h */ = {isa = PBXFileReference; fileEncoding = 4; lastKnownFileType = sourcecode.c.h; name = FPParkingLotData.h; path = "Lot Data/FPParkingLotData.h"; sourceTree = "<group>"; };
		45847F3719EDC0B700F28C51 /* FPParkingLotData.m */ = {isa = PBXFileReference; fileEncoding = 4; lastKnownFileType = sourcecode.c.objc; name = FPParkingLotData.m; path = "Lot Data/FPParkingLotData.m"; sourceTree = "<group>"; };
		4B8DB9831A06DA59000F2D78 /* VehicleHandler.h */ = {isa = PBXFileReference; fileEncoding = 4; lastKnownFileType = sourcecode.c.h; path = VehicleHandler.h; sourceTree = "<group>"; };
		4B8DB9841A06DA59000F2D78 /* VehicleHandler.m */ = {isa = PBXFileReference; fileEncoding = 4; lastKnownFileType = sourcecode.c.objc; path = VehicleHandler.m; sourceTree = "<group>"; };
		4B9234741A01B91200E9071A /* parkingPass.h */ = {isa = PBXFileReference; fileEncoding = 4; lastKnownFileType = sourcecode.c.h; path = parkingPass.h; sourceTree = "<group>"; };
		4B9234751A01B91200E9071A /* parkingPass.m */ = {isa = PBXFileReference; fileEncoding = 4; lastKnownFileType = sourcecode.c.objc; path = parkingPass.m; sourceTree = "<group>"; };
		4B9576201A01E9D4003DA5AF /* vehicle.h */ = {isa = PBXFileReference; fileEncoding = 4; lastKnownFileType = sourcecode.c.h; path = vehicle.h; sourceTree = "<group>"; };
		4B9576211A01E9D4003DA5AF /* vehicle.m */ = {isa = PBXFileReference; fileEncoding = 4; lastKnownFileType = sourcecode.c.objc; path = vehicle.m; sourceTree = "<group>"; };
		4B9576231A01EC57003DA5AF /* parkingPayment.h */ = {isa = PBXFileReference; fileEncoding = 4; lastKnownFileType = sourcecode.c.h; path = parkingPayment.h; sourceTree = "<group>"; };
		4B9576241A01EC57003DA5AF /* parkingPayment.m */ = {isa = PBXFileReference; fileEncoding = 4; lastKnownFileType = sourcecode.c.objc; path = parkingPayment.m; sourceTree = "<group>"; };
		4B9576261A01EDF0003DA5AF /* accountCredit.h */ = {isa = PBXFileReference; fileEncoding = 4; lastKnownFileType = sourcecode.c.h; path = accountCredit.h; sourceTree = "<group>"; };
		4B9576271A01EDF0003DA5AF /* accountCredit.m */ = {isa = PBXFileReference; fileEncoding = 4; lastKnownFileType = sourcecode.c.objc; path = accountCredit.m; sourceTree = "<group>"; };
		4B9576291A01EE40003DA5AF /* parkingLot.h */ = {isa = PBXFileReference; fileEncoding = 4; lastKnownFileType = sourcecode.c.h; path = parkingLot.h; sourceTree = "<group>"; };
		4B95762A1A01EE40003DA5AF /* parkingLot.m */ = {isa = PBXFileReference; fileEncoding = 4; lastKnownFileType = sourcecode.c.objc; path = parkingLot.m; sourceTree = "<group>"; };
		4B95762C1A01F08A003DA5AF /* geoCoordinate.h */ = {isa = PBXFileReference; fileEncoding = 4; lastKnownFileType = sourcecode.c.h; path = geoCoordinate.h; sourceTree = "<group>"; };
		4B95762D1A01F08A003DA5AF /* geoCoordinate.m */ = {isa = PBXFileReference; fileEncoding = 4; lastKnownFileType = sourcecode.c.objc; path = geoCoordinate.m; sourceTree = "<group>"; };
		4B95762F1A01F0F0003DA5AF /* parkingViolation.h */ = {isa = PBXFileReference; fileEncoding = 4; lastKnownFileType = sourcecode.c.h; path = parkingViolation.h; sourceTree = "<group>"; };
		4B9576301A01F0F0003DA5AF /* parkingViolation.m */ = {isa = PBXFileReference; fileEncoding = 4; lastKnownFileType = sourcecode.c.objc; path = parkingViolation.m; sourceTree = "<group>"; };
		4BA82F371A022C3900A57843 /* httpRequestHandler.h */ = {isa = PBXFileReference; fileEncoding = 4; lastKnownFileType = sourcecode.c.h; path = httpRequestHandler.h; sourceTree = "<group>"; };
		4BA82F381A022C3900A57843 /* httpRequestHandler.m */ = {isa = PBXFileReference; fileEncoding = 4; lastKnownFileType = sourcecode.c.objc; path = httpRequestHandler.m; sourceTree = "<group>"; };
		9375F34A19E1DB9000790030 /* FPLotDetailViewController.h */ = {isa = PBXFileReference; fileEncoding = 4; lastKnownFileType = sourcecode.c.h; path = FPLotDetailViewController.h; sourceTree = "<group>"; };
		9375F34B19E1DB9000790030 /* FPLotDetailViewController.m */ = {isa = PBXFileReference; fileEncoding = 4; lastKnownFileType = sourcecode.c.objc; path = FPLotDetailViewController.m; sourceTree = "<group>"; };
		FA1CA11219DCCECF00EC98E7 /* CreateProfile.h */ = {isa = PBXFileReference; fileEncoding = 4; lastKnownFileType = sourcecode.c.h; name = CreateProfile.h; path = ../CreateProfile.h; sourceTree = "<group>"; };
		FA1CA11319DCCECF00EC98E7 /* CreateProfile.m */ = {isa = PBXFileReference; fileEncoding = 4; lastKnownFileType = sourcecode.c.objc; name = CreateProfile.m; path = ../CreateProfile.m; sourceTree = "<group>"; };
		FA1CA11519E3A97C00EC98E7 /* FPP_Logo_Transparent.png */ = {isa = PBXFileReference; lastKnownFileType = image.png; name = FPP_Logo_Transparent.png; path = Images.xcassets/Logo.imageset/FPP_Logo_Transparent.png; sourceTree = "<group>"; };
		FA1CA11719E3B20C00EC98E7 /* FPP_Logo_Letters.png */ = {isa = PBXFileReference; lastKnownFileType = image.png; path = FPP_Logo_Letters.png; sourceTree = "<group>"; };
		FA1CA11B19EAF22900EC98E7 /* 13202-1.png */ = {isa = PBXFileReference; lastKnownFileType = image.png; path = "13202-1.png"; sourceTree = "<group>"; };
		FA1CA11D19EAF62700EC98E7 /* CreditCardInfo.h */ = {isa = PBXFileReference; fileEncoding = 4; lastKnownFileType = sourcecode.c.h; path = CreditCardInfo.h; sourceTree = "<group>"; };
		FA1CA11E19EAF62700EC98E7 /* CreditCardInfo.m */ = {isa = PBXFileReference; fileEncoding = 4; lastKnownFileType = sourcecode.c.objc; path = CreditCardInfo.m; sourceTree = "<group>"; };
		FA1CA12119EAF7AF00EC98E7 /* camera.png */ = {isa = PBXFileReference; lastKnownFileType = image.png; path = camera.png; sourceTree = "<group>"; };
		FAA43E5219D37A7000335A85 /* road.png */ = {isa = PBXFileReference; lastKnownFileType = image.png; path = road.png; sourceTree = "<group>"; };
		FAA43E5419D37AAB00335A85 /* Transparent_FPP_Logo.png */ = {isa = PBXFileReference; lastKnownFileType = image.png; path = Transparent_FPP_Logo.png; sourceTree = "<group>"; };
		FAA43E5619D37AB900335A85 /* FPP_Logo_No_Words.png */ = {isa = PBXFileReference; lastKnownFileType = image.png; path = FPP_Logo_No_Words.png; sourceTree = "<group>"; };
		FAA43E5819D3819000335A85 /* iPhone_6Plus.storyboard */ = {isa = PBXFileReference; fileEncoding = 4; lastKnownFileType = file.storyboard; path = iPhone_6Plus.storyboard; sourceTree = "<group>"; };
		FAA43E5C19D38A4F00335A85 /* iPhone_6.storyboard */ = {isa = PBXFileReference; fileEncoding = 4; lastKnownFileType = file.storyboard; path = iPhone_6.storyboard; sourceTree = "<group>"; };
		FAA43E5E19D38A6400335A85 /* iPhone_5.storyboard */ = {isa = PBXFileReference; fileEncoding = 4; lastKnownFileType = file.storyboard; path = iPhone_5.storyboard; sourceTree = "<group>"; };
		FAA43E6019D38A7400335A85 /* iPhone_4s.storyboard */ = {isa = PBXFileReference; fileEncoding = 4; lastKnownFileType = file.storyboard; path = iPhone_4s.storyboard; sourceTree = "<group>"; };
		FAC0765419FD72460024C87A /* user.h */ = {isa = PBXFileReference; fileEncoding = 4; lastKnownFileType = sourcecode.c.h; path = user.h; sourceTree = "<group>"; };
		FAC0765519FD72460024C87A /* user.m */ = {isa = PBXFileReference; fileEncoding = 4; lastKnownFileType = sourcecode.c.objc; path = user.m; sourceTree = "<group>"; };
		FAC0765719FD740E0024C87A /* userHandler.h */ = {isa = PBXFileReference; fileEncoding = 4; lastKnownFileType = sourcecode.c.h; path = userHandler.h; sourceTree = "<group>"; };
		FAC0765819FD740E0024C87A /* userHandler.m */ = {isa = PBXFileReference; fileEncoding = 4; lastKnownFileType = sourcecode.c.objc; path = userHandler.m; sourceTree = "<group>"; };
/* End PBXFileReference section */

/* Begin PBXFrameworksBuildPhase section */
		45438B2F19CF3B700063F898 /* Frameworks */ = {
			isa = PBXFrameworksBuildPhase;
			buildActionMask = 2147483647;
			files = (
			);
			runOnlyForDeploymentPostprocessing = 0;
		};
		45438B4B19CF3B710063F898 /* Frameworks */ = {
			isa = PBXFrameworksBuildPhase;
			buildActionMask = 2147483647;
			files = (
			);
			runOnlyForDeploymentPostprocessing = 0;
		};
/* End PBXFrameworksBuildPhase section */

/* Begin PBXGroup section */
		453B892A19E172AC00D3483F /* Main Menu */ = {
			isa = PBXGroup;
			children = (
				453B892D19E1738A00D3483F /* FPMainViewController.h */,
				453B892E19E1738A00D3483F /* FPMainViewController.m */,
				453B893019E1748600D3483F /* FPMapView.h */,
				453B893119E1748600D3483F /* FPMapView.m */,
				453B893719E19B7D00D3483F /* FPLotTableViewCell.h */,
				453B893819E19B7D00D3483F /* FPLotTableViewCell.m */,
			);
			name = "Main Menu";
			sourceTree = "<group>";
		};
		453B893319E17FA500D3483F /* Lot Data */ = {
			isa = PBXGroup;
			children = (
				45847F3619EDC0B700F28C51 /* FPParkingLotData.h */,
				45847F3719EDC0B700F28C51 /* FPParkingLotData.m */,
			);
			name = "Lot Data";
			sourceTree = "<group>";
		};
		45438B2919CF3B700063F898 = {
			isa = PBXGroup;
			children = (
				45438B3419CF3B700063F898 /* FastPassParking */,
				45438B5119CF3B710063F898 /* FastPassParkingTests */,
				45438B3319CF3B700063F898 /* Products */,
			);
			sourceTree = "<group>";
		};
		45438B3319CF3B700063F898 /* Products */ = {
			isa = PBXGroup;
			children = (
				45438B3219CF3B700063F898 /* FastPassParking.app */,
				45438B4E19CF3B710063F898 /* FastPassParkingTests.xctest */,
			);
			name = Products;
			sourceTree = "<group>";
		};
		45438B3419CF3B700063F898 /* FastPassParking */ = {
			isa = PBXGroup;
			children = (
				4B95761F1A01E998003DA5AF /* Handlers */,
				FAC0765019FD68810024C87A /* Models */,
				FA1CA12019EAF64100EC98E7 /* Create Account */,
				FAC0764F19FD68420024C87A /* LogIn */,
				9375F34A19E1DB9000790030 /* FPLotDetailViewController.h */,
				9375F34B19E1DB9000790030 /* FPLotDetailViewController.m */,
				45438B3919CF3B700063F898 /* AppDelegate.h */,
				45438B3A19CF3B700063F898 /* AppDelegate.m */,
				45438B3F19CF3B700063F898 /* ViewController.h */,
				45438B4019CF3B700063F898 /* ViewController.m */,
				453B893319E17FA500D3483F /* Lot Data */,
				453B892A19E172AC00D3483F /* Main Menu */,
				45438B4219CF3B700063F898 /* Main.storyboard */,
				FAA43E5819D3819000335A85 /* iPhone_6Plus.storyboard */,
				FAA43E5C19D38A4F00335A85 /* iPhone_6.storyboard */,
				FAA43E5E19D38A6400335A85 /* iPhone_5.storyboard */,
				FAA43E6019D38A7400335A85 /* iPhone_4s.storyboard */,
				45438B4519CF3B700063F898 /* Images.xcassets */,
				45438B4719CF3B700063F898 /* LaunchScreen.xib */,
				45438B3C19CF3B700063F898 /* FastPassParking.xcdatamodeld */,
				45438B3519CF3B700063F898 /* Supporting Files */,
			);
			path = FastPassParking;
			sourceTree = "<group>";
		};
		45438B3519CF3B700063F898 /* Supporting Files */ = {
			isa = PBXGroup;
			children = (
				FA1CA12119EAF7AF00EC98E7 /* camera.png */,
				FA1CA11B19EAF22900EC98E7 /* 13202-1.png */,
				FA1CA11719E3B20C00EC98E7 /* FPP_Logo_Letters.png */,
				FA1CA11519E3A97C00EC98E7 /* FPP_Logo_Transparent.png */,
				FAA43E5619D37AB900335A85 /* FPP_Logo_No_Words.png */,
				FAA43E5419D37AAB00335A85 /* Transparent_FPP_Logo.png */,
				FAA43E5219D37A7000335A85 /* road.png */,
				45438B3619CF3B700063F898 /* Info.plist */,
				45438B3719CF3B700063F898 /* main.m */,
			);
			name = "Supporting Files";
			sourceTree = "<group>";
		};
		45438B5119CF3B710063F898 /* FastPassParkingTests */ = {
			isa = PBXGroup;
			children = (
				45438B5419CF3B710063F898 /* FastPassParkingTests.m */,
				45438B5219CF3B710063F898 /* Supporting Files */,
			);
			path = FastPassParkingTests;
			sourceTree = "<group>";
		};
		45438B5219CF3B710063F898 /* Supporting Files */ = {
			isa = PBXGroup;
			children = (
				45438B5319CF3B710063F898 /* Info.plist */,
			);
			name = "Supporting Files";
			sourceTree = "<group>";
		};
		4B95761F1A01E998003DA5AF /* Handlers */ = {
			isa = PBXGroup;
			children = (
				FAC0765719FD740E0024C87A /* userHandler.h */,
				FAC0765819FD740E0024C87A /* userHandler.m */,
				4BA82F371A022C3900A57843 /* httpRequestHandler.h */,
				4BA82F381A022C3900A57843 /* httpRequestHandler.m */,
				4B8DB9831A06DA59000F2D78 /* VehicleHandler.h */,
				4B8DB9841A06DA59000F2D78 /* VehicleHandler.m */,
			);
			name = Handlers;
			sourceTree = "<group>";
		};
		FA1CA12019EAF64100EC98E7 /* Create Account */ = {
			isa = PBXGroup;
			children = (
				FA1CA11D19EAF62700EC98E7 /* CreditCardInfo.h */,
				FA1CA11E19EAF62700EC98E7 /* CreditCardInfo.m */,
			);
			name = "Create Account";
			sourceTree = "<group>";
		};
		FAC0764F19FD68420024C87A /* LogIn */ = {
			isa = PBXGroup;
			children = (
				FA1CA11219DCCECF00EC98E7 /* CreateProfile.h */,
				FA1CA11319DCCECF00EC98E7 /* CreateProfile.m */,
			);
			name = LogIn;
			sourceTree = "<group>";
		};
		FAC0765019FD68810024C87A /* Models */ = {
			isa = PBXGroup;
			children = (
				4B9234741A01B91200E9071A /* parkingPass.h */,
				4B9234751A01B91200E9071A /* parkingPass.m */,
				FAC0765419FD72460024C87A /* user.h */,
				FAC0765519FD72460024C87A /* user.m */,
				4B9576201A01E9D4003DA5AF /* vehicle.h */,
				4B9576211A01E9D4003DA5AF /* vehicle.m */,
				4B9576231A01EC57003DA5AF /* parkingPayment.h */,
				4B9576241A01EC57003DA5AF /* parkingPayment.m */,
				4B9576261A01EDF0003DA5AF /* accountCredit.h */,
				4B9576271A01EDF0003DA5AF /* accountCredit.m */,
				4B9576291A01EE40003DA5AF /* parkingLot.h */,
				4B95762A1A01EE40003DA5AF /* parkingLot.m */,
				4B95762C1A01F08A003DA5AF /* geoCoordinate.h */,
				4B95762D1A01F08A003DA5AF /* geoCoordinate.m */,
				4B95762F1A01F0F0003DA5AF /* parkingViolation.h */,
				4B9576301A01F0F0003DA5AF /* parkingViolation.m */,
			);
			name = Models;
			sourceTree = "<group>";
		};
/* End PBXGroup section */

/* Begin PBXNativeTarget section */
		45438B3119CF3B700063F898 /* FastPassParking */ = {
			isa = PBXNativeTarget;
			buildConfigurationList = 45438B5819CF3B710063F898 /* Build configuration list for PBXNativeTarget "FastPassParking" */;
			buildPhases = (
				45438B2E19CF3B700063F898 /* Sources */,
				45438B2F19CF3B700063F898 /* Frameworks */,
				45438B3019CF3B700063F898 /* Resources */,
			);
			buildRules = (
			);
			dependencies = (
			);
			name = FastPassParking;
			productName = FastPassParking;
			productReference = 45438B3219CF3B700063F898 /* FastPassParking.app */;
			productType = "com.apple.product-type.application";
		};
		45438B4D19CF3B710063F898 /* FastPassParkingTests */ = {
			isa = PBXNativeTarget;
			buildConfigurationList = 45438B5B19CF3B710063F898 /* Build configuration list for PBXNativeTarget "FastPassParkingTests" */;
			buildPhases = (
				45438B4A19CF3B710063F898 /* Sources */,
				45438B4B19CF3B710063F898 /* Frameworks */,
				45438B4C19CF3B710063F898 /* Resources */,
			);
			buildRules = (
			);
			dependencies = (
				45438B5019CF3B710063F898 /* PBXTargetDependency */,
			);
			name = FastPassParkingTests;
			productName = FastPassParkingTests;
			productReference = 45438B4E19CF3B710063F898 /* FastPassParkingTests.xctest */;
			productType = "com.apple.product-type.bundle.unit-test";
		};
/* End PBXNativeTarget section */

/* Begin PBXProject section */
		45438B2A19CF3B700063F898 /* Project object */ = {
			isa = PBXProject;
			attributes = {
				LastUpgradeCheck = 0600;
				ORGANIZATIONNAME = FastPassParking;
				TargetAttributes = {
					45438B3119CF3B700063F898 = {
						CreatedOnToolsVersion = 6.0.1;
					};
					45438B4D19CF3B710063F898 = {
						CreatedOnToolsVersion = 6.0.1;
						TestTargetID = 45438B3119CF3B700063F898;
					};
				};
			};
			buildConfigurationList = 45438B2D19CF3B700063F898 /* Build configuration list for PBXProject "FastPassParking" */;
			compatibilityVersion = "Xcode 3.2";
			developmentRegion = English;
			hasScannedForEncodings = 0;
			knownRegions = (
				en,
				Base,
			);
			mainGroup = 45438B2919CF3B700063F898;
			productRefGroup = 45438B3319CF3B700063F898 /* Products */;
			projectDirPath = "";
			projectRoot = "";
			targets = (
				45438B3119CF3B700063F898 /* FastPassParking */,
				45438B4D19CF3B710063F898 /* FastPassParkingTests */,
			);
		};
/* End PBXProject section */

/* Begin PBXResourcesBuildPhase section */
		45438B3019CF3B700063F898 /* Resources */ = {
			isa = PBXResourcesBuildPhase;
			buildActionMask = 2147483647;
			files = (
				45438B4419CF3B700063F898 /* Main.storyboard in Resources */,
				45438B4919CF3B700063F898 /* LaunchScreen.xib in Resources */,
				FAA43E5D19D38A4F00335A85 /* iPhone_6.storyboard in Resources */,
				FAA43E5919D3819000335A85 /* iPhone_6Plus.storyboard in Resources */,
				FAA43E5519D37AAB00335A85 /* Transparent_FPP_Logo.png in Resources */,
				FA1CA11C19EAF22900EC98E7 /* 13202-1.png in Resources */,
				FAA43E5719D37AB900335A85 /* FPP_Logo_No_Words.png in Resources */,
				FAA43E6119D38A7400335A85 /* iPhone_4s.storyboard in Resources */,
				FA1CA12219EAF7AF00EC98E7 /* camera.png in Resources */,
				FA1CA11619E3A97C00EC98E7 /* FPP_Logo_Transparent.png in Resources */,
				FAA43E5F19D38A6400335A85 /* iPhone_5.storyboard in Resources */,
				FAA43E5319D37A7000335A85 /* road.png in Resources */,
				45438B4619CF3B700063F898 /* Images.xcassets in Resources */,
				FA1CA11819E3B20C00EC98E7 /* FPP_Logo_Letters.png in Resources */,
			);
			runOnlyForDeploymentPostprocessing = 0;
		};
		45438B4C19CF3B710063F898 /* Resources */ = {
			isa = PBXResourcesBuildPhase;
			buildActionMask = 2147483647;
			files = (
			);
			runOnlyForDeploymentPostprocessing = 0;
		};
/* End PBXResourcesBuildPhase section */

/* Begin PBXSourcesBuildPhase section */
		45438B2E19CF3B700063F898 /* Sources */ = {
			isa = PBXSourcesBuildPhase;
			buildActionMask = 2147483647;
			files = (
				4B9576281A01EDF0003DA5AF /* accountCredit.m in Sources */,
				45847F3819EDC0B700F28C51 /* FPParkingLotData.m in Sources */,
				4B9234761A01B91200E9071A /* parkingPass.m in Sources */,
				FAC0765919FD740E0024C87A /* userHandler.m in Sources */,
				4B95762E1A01F08A003DA5AF /* geoCoordinate.m in Sources */,
				4B8DB9851A06DA59000F2D78 /* VehicleHandler.m in Sources */,
				FA1CA11F19EAF62700EC98E7 /* CreditCardInfo.m in Sources */,
				45438B3B19CF3B700063F898 /* AppDelegate.m in Sources */,
				4B9576251A01EC57003DA5AF /* parkingPayment.m in Sources */,
				453B893219E1748600D3483F /* FPMapView.m in Sources */,
				FAC0765619FD72460024C87A /* user.m in Sources */,
				4BA82F391A022C3900A57843 /* httpRequestHandler.m in Sources */,
				4B9576311A01F0F0003DA5AF /* parkingViolation.m in Sources */,
				4B9576221A01E9D4003DA5AF /* vehicle.m in Sources */,
				453B892F19E1738A00D3483F /* FPMainViewController.m in Sources */,
				9375F34C19E1DB9000790030 /* FPLotDetailViewController.m in Sources */,
				45438B3E19CF3B700063F898 /* FastPassParking.xcdatamodeld in Sources */,
				FA1CA11419DCCECF00EC98E7 /* CreateProfile.m in Sources */,
				4B95762B1A01EE40003DA5AF /* parkingLot.m in Sources */,
				45438B4119CF3B700063F898 /* ViewController.m in Sources */,
				45438B3819CF3B700063F898 /* main.m in Sources */,
				453B893919E19B7D00D3483F /* FPLotTableViewCell.m in Sources */,
			);
			runOnlyForDeploymentPostprocessing = 0;
		};
		45438B4A19CF3B710063F898 /* Sources */ = {
			isa = PBXSourcesBuildPhase;
			buildActionMask = 2147483647;
			files = (
				45438B5519CF3B710063F898 /* FastPassParkingTests.m in Sources */,
			);
			runOnlyForDeploymentPostprocessing = 0;
		};
/* End PBXSourcesBuildPhase section */

/* Begin PBXTargetDependency section */
		45438B5019CF3B710063F898 /* PBXTargetDependency */ = {
			isa = PBXTargetDependency;
			target = 45438B3119CF3B700063F898 /* FastPassParking */;
			targetProxy = 45438B4F19CF3B710063F898 /* PBXContainerItemProxy */;
		};
/* End PBXTargetDependency section */

/* Begin PBXVariantGroup section */
		45438B4219CF3B700063F898 /* Main.storyboard */ = {
			isa = PBXVariantGroup;
			children = (
				45438B4319CF3B700063F898 /* Base */,
			);
			name = Main.storyboard;
			sourceTree = "<group>";
		};
		45438B4719CF3B700063F898 /* LaunchScreen.xib */ = {
			isa = PBXVariantGroup;
			children = (
				45438B4819CF3B700063F898 /* Base */,
			);
			name = LaunchScreen.xib;
			sourceTree = "<group>";
		};
/* End PBXVariantGroup section */

/* Begin XCBuildConfiguration section */
		45438B5619CF3B710063F898 /* Debug */ = {
			isa = XCBuildConfiguration;
			buildSettings = {
				ALWAYS_SEARCH_USER_PATHS = NO;
				CLANG_CXX_LANGUAGE_STANDARD = "gnu++0x";
				CLANG_CXX_LIBRARY = "libc++";
				CLANG_ENABLE_MODULES = YES;
				CLANG_ENABLE_OBJC_ARC = YES;
				CLANG_WARN_BOOL_CONVERSION = YES;
				CLANG_WARN_CONSTANT_CONVERSION = YES;
				CLANG_WARN_DIRECT_OBJC_ISA_USAGE = YES_ERROR;
				CLANG_WARN_EMPTY_BODY = YES;
				CLANG_WARN_ENUM_CONVERSION = YES;
				CLANG_WARN_INT_CONVERSION = YES;
				CLANG_WARN_OBJC_ROOT_CLASS = YES_ERROR;
				CLANG_WARN_UNREACHABLE_CODE = YES;
				CLANG_WARN__DUPLICATE_METHOD_MATCH = YES;
				"CODE_SIGN_IDENTITY[sdk=iphoneos*]" = "iPhone Developer";
				COPY_PHASE_STRIP = NO;
				ENABLE_STRICT_OBJC_MSGSEND = YES;
				GCC_C_LANGUAGE_STANDARD = gnu99;
				GCC_DYNAMIC_NO_PIC = NO;
				GCC_OPTIMIZATION_LEVEL = 0;
				GCC_PREPROCESSOR_DEFINITIONS = (
					"DEBUG=1",
					"$(inherited)",
				);
				GCC_SYMBOLS_PRIVATE_EXTERN = NO;
				GCC_WARN_64_TO_32_BIT_CONVERSION = YES;
				GCC_WARN_ABOUT_RETURN_TYPE = YES_ERROR;
				GCC_WARN_UNDECLARED_SELECTOR = YES;
				GCC_WARN_UNINITIALIZED_AUTOS = YES_AGGRESSIVE;
				GCC_WARN_UNUSED_FUNCTION = YES;
				GCC_WARN_UNUSED_VARIABLE = YES;
				IPHONEOS_DEPLOYMENT_TARGET = 8.0;
				MTL_ENABLE_DEBUG_INFO = YES;
				ONLY_ACTIVE_ARCH = YES;
				SDKROOT = iphoneos;
				TARGETED_DEVICE_FAMILY = "1,2";
			};
			name = Debug;
		};
		45438B5719CF3B710063F898 /* Release */ = {
			isa = XCBuildConfiguration;
			buildSettings = {
				ALWAYS_SEARCH_USER_PATHS = NO;
				CLANG_CXX_LANGUAGE_STANDARD = "gnu++0x";
				CLANG_CXX_LIBRARY = "libc++";
				CLANG_ENABLE_MODULES = YES;
				CLANG_ENABLE_OBJC_ARC = YES;
				CLANG_WARN_BOOL_CONVERSION = YES;
				CLANG_WARN_CONSTANT_CONVERSION = YES;
				CLANG_WARN_DIRECT_OBJC_ISA_USAGE = YES_ERROR;
				CLANG_WARN_EMPTY_BODY = YES;
				CLANG_WARN_ENUM_CONVERSION = YES;
				CLANG_WARN_INT_CONVERSION = YES;
				CLANG_WARN_OBJC_ROOT_CLASS = YES_ERROR;
				CLANG_WARN_UNREACHABLE_CODE = YES;
				CLANG_WARN__DUPLICATE_METHOD_MATCH = YES;
				"CODE_SIGN_IDENTITY[sdk=iphoneos*]" = "iPhone Developer";
				COPY_PHASE_STRIP = YES;
				ENABLE_NS_ASSERTIONS = NO;
				ENABLE_STRICT_OBJC_MSGSEND = YES;
				GCC_C_LANGUAGE_STANDARD = gnu99;
				GCC_WARN_64_TO_32_BIT_CONVERSION = YES;
				GCC_WARN_ABOUT_RETURN_TYPE = YES_ERROR;
				GCC_WARN_UNDECLARED_SELECTOR = YES;
				GCC_WARN_UNINITIALIZED_AUTOS = YES_AGGRESSIVE;
				GCC_WARN_UNUSED_FUNCTION = YES;
				GCC_WARN_UNUSED_VARIABLE = YES;
				IPHONEOS_DEPLOYMENT_TARGET = 8.0;
				MTL_ENABLE_DEBUG_INFO = NO;
				SDKROOT = iphoneos;
				TARGETED_DEVICE_FAMILY = "1,2";
				VALIDATE_PRODUCT = YES;
			};
			name = Release;
		};
		45438B5919CF3B710063F898 /* Debug */ = {
			isa = XCBuildConfiguration;
			buildSettings = {
				ASSETCATALOG_COMPILER_APPICON_NAME = AppIcon;
				INFOPLIST_FILE = FastPassParking/Info.plist;
				LD_RUNPATH_SEARCH_PATHS = "$(inherited) @executable_path/Frameworks";
				PRODUCT_NAME = "$(TARGET_NAME)";
			};
			name = Debug;
		};
		45438B5A19CF3B710063F898 /* Release */ = {
			isa = XCBuildConfiguration;
			buildSettings = {
				ASSETCATALOG_COMPILER_APPICON_NAME = AppIcon;
				INFOPLIST_FILE = FastPassParking/Info.plist;
				LD_RUNPATH_SEARCH_PATHS = "$(inherited) @executable_path/Frameworks";
				PRODUCT_NAME = "$(TARGET_NAME)";
			};
			name = Release;
		};
		45438B5C19CF3B710063F898 /* Debug */ = {
			isa = XCBuildConfiguration;
			buildSettings = {
				BUNDLE_LOADER = "$(TEST_HOST)";
				FRAMEWORK_SEARCH_PATHS = (
					"$(SDKROOT)/Developer/Library/Frameworks",
					"$(inherited)",
				);
				GCC_PREPROCESSOR_DEFINITIONS = (
					"DEBUG=1",
					"$(inherited)",
				);
				INFOPLIST_FILE = FastPassParkingTests/Info.plist;
				LD_RUNPATH_SEARCH_PATHS = "$(inherited) @executable_path/Frameworks @loader_path/Frameworks";
				PRODUCT_NAME = "$(TARGET_NAME)";
				TEST_HOST = "$(BUILT_PRODUCTS_DIR)/FastPassParking.app/FastPassParking";
			};
			name = Debug;
		};
		45438B5D19CF3B710063F898 /* Release */ = {
			isa = XCBuildConfiguration;
			buildSettings = {
				BUNDLE_LOADER = "$(TEST_HOST)";
				FRAMEWORK_SEARCH_PATHS = (
					"$(SDKROOT)/Developer/Library/Frameworks",
					"$(inherited)",
				);
				INFOPLIST_FILE = FastPassParkingTests/Info.plist;
				LD_RUNPATH_SEARCH_PATHS = "$(inherited) @executable_path/Frameworks @loader_path/Frameworks";
				PRODUCT_NAME = "$(TARGET_NAME)";
				TEST_HOST = "$(BUILT_PRODUCTS_DIR)/FastPassParking.app/FastPassParking";
			};
			name = Release;
		};
/* End XCBuildConfiguration section */

/* Begin XCConfigurationList section */
		45438B2D19CF3B700063F898 /* Build configuration list for PBXProject "FastPassParking" */ = {
			isa = XCConfigurationList;
			buildConfigurations = (
				45438B5619CF3B710063F898 /* Debug */,
				45438B5719CF3B710063F898 /* Release */,
			);
			defaultConfigurationIsVisible = 0;
			defaultConfigurationName = Release;
		};
		45438B5819CF3B710063F898 /* Build configuration list for PBXNativeTarget "FastPassParking" */ = {
			isa = XCConfigurationList;
			buildConfigurations = (
				45438B5919CF3B710063F898 /* Debug */,
				45438B5A19CF3B710063F898 /* Release */,
			);
			defaultConfigurationIsVisible = 0;
			defaultConfigurationName = Release;
		};
		45438B5B19CF3B710063F898 /* Build configuration list for PBXNativeTarget "FastPassParkingTests" */ = {
			isa = XCConfigurationList;
			buildConfigurations = (
				45438B5C19CF3B710063F898 /* Debug */,
				45438B5D19CF3B710063F898 /* Release */,
			);
			defaultConfigurationIsVisible = 0;
			defaultConfigurationName = Release;
		};
/* End XCConfigurationList section */

/* Begin XCVersionGroup section */
		45438B3C19CF3B700063F898 /* FastPassParking.xcdatamodeld */ = {
			isa = XCVersionGroup;
			children = (
				45438B3D19CF3B700063F898 /* FastPassParking.xcdatamodel */,
			);
			currentVersion = 45438B3D19CF3B700063F898 /* FastPassParking.xcdatamodel */;
			path = FastPassParking.xcdatamodeld;
			sourceTree = "<group>";
			versionGroupType = wrapper.xcdatamodel;
		};
/* End XCVersionGroup section */
	};
	rootObject = 45438B2A19CF3B700063F898 /* Project object */;
}
